
Microsoft Visual Studio Solution File, Format Version 12.00
# Visual Studio Version 17
VisualStudioVersion = 17.9.34723.18
MinimumVisualStudioVersion = 10.0.40219.1
Project("{FAE04EC0-301F-11D3-BF4B-00C04F79EFBC}") = "TraversalCore", "TraversalCore\TraversalCore.csproj", "{2D5AE8BB-525B-4533-97B7-8405EEB8A2BA}"
EndProject
Project("{FAE04EC0-301F-11D3-BF4B-00C04F79EFBC}") = "EntityLayer", "EntityLayer\EntityLayer.csproj", "{8535C501-1E00-4A36-923D-B31E4F505726}"
EndProject
Project("{FAE04EC0-301F-11D3-BF4B-00C04F79EFBC}") = "DataAccessLayer", "DataAccessLayer\DataAccessLayer.csproj", "{9D8CDEA0-E8CA-4A0C-83A2-3743DFAFC7D3}"
EndProject
Project("{FAE04EC0-301F-11D3-BF4B-00C04F79EFBC}") = "BusinessLayer", "BusinessLayer\BusinessLayer.csproj", "{10887C6B-6E86-44B2-93E8-568F149D0BFB}"
EndProject
Global
	GlobalSection(SolutionConfigurationPlatforms) = preSolution
		Debug|Any CPU = Debug|Any CPU
		Release|Any CPU = Release|Any CPU
	EndGlobalSection
	GlobalSection(ProjectConfigurationPlatforms) = postSolution
		{2D5AE8BB-525B-4533-97B7-8405EEB8A2BA}.Debug|Any CPU.ActiveCfg = Debug|Any CPU
		{2D5AE8BB-525B-4533-97B7-8405EEB8A2BA}.Debug|Any CPU.Build.0 = Debug|Any CPU
		{2D5AE8BB-525B-4533-97B7-8405EEB8A2BA}.Release|Any CPU.ActiveCfg = Release|Any CPU
		{2D5AE8BB-525B-4533-97B7-8405EEB8A2BA}.Release|Any CPU.Build.0 = Release|Any CPU
		{8535C501-1E00-4A36-923D-B31E4F505726}.Debug|Any CPU.ActiveCfg = Debug|Any CPU
		{8535C501-1E00-4A36-923D-B31E4F505726}.Debug|Any CPU.Build.0 = Debug|Any CPU
		{8535C501-1E00-4A36-923D-B31E4F505726}.Release|Any CPU.ActiveCfg = Release|Any CPU
		{8535C501-1E00-4A36-923D-B31E4F505726}.Release|Any CPU.Build.0 = Release|Any CPU
		{9D8CDEA0-E8CA-4A0C-83A2-3743DFAFC7D3}.Debug|Any CPU.ActiveCfg = Debug|Any CPU
		{9D8CDEA0-E8CA-4A0C-83A2-3743DFAFC7D3}.Debug|Any CPU.Build.0 = Debug|Any CPU
		{9D8CDEA0-E8CA-4A0C-83A2-3743DFAFC7D3}.Release|Any CPU.ActiveCfg = Release|Any CPU
		{9D8CDEA0-E8CA-4A0C-83A2-3743DFAFC7D3}.Release|Any CPU.Build.0 = Release|Any CPU
		{10887C6B-6E86-44B2-93E8-568F149D0BFB}.Debug|Any CPU.ActiveCfg = Debug|Any CPU
		{10887C6B-6E86-44B2-93E8-568F149D0BFB}.Debug|Any CPU.Build.0 = Debug|Any CPU
		{10887C6B-6E86-44B2-93E8-568F149D0BFB}.Release|Any CPU.ActiveCfg = Release|Any CPU
		{10887C6B-6E86-44B2-93E8-568F149D0BFB}.Release|Any CPU.Build.0 = Release|Any CPU
	EndGlobalSection
	GlobalSection(SolutionProperties) = preSolution
		HideSolutionNode = FALSE
	EndGlobalSection
	GlobalSection(ExtensibilityGlobals) = postSolution
		SolutionGuid = {0487F2DE-C0EE-4AB0-8668-FAC169ED7104}
	EndGlobalSection
EndGlobal
